
Microsoft Visual Studio Solution File, Format Version 12.00
# Visual Studio Version 16
VisualStudioVersion = 16.0.32901.82
MinimumVisualStudioVersion = 10.0.40219.1
Project("{9A19103F-16F7-4668-BE54-9A1E7A4F7556}") = "Cyber", "Cyber\Cyber.csproj", "{9BB8B6A2-202C-4063-A0F9-333E37875A5E}"
EndProject
Project("{E53339B2-1760-4266-BCC7-CA923CBCF16C}") = "docker-compose", "docker-compose.dcproj", "{9E573EBD-A636-4FA6-98B3-579FAEA39085}"
EndProject
Global
	GlobalSection(SolutionConfigurationPlatforms) = preSolution
		Debug|Any CPU = Debug|Any CPU
		Release|Any CPU = Release|Any CPU
	EndGlobalSection
	GlobalSection(ProjectConfigurationPlatforms) = postSolution
		{9BB8B6A2-202C-4063-A0F9-333E37875A5E}.Debug|Any CPU.ActiveCfg = Debug|Any CPU
		{9BB8B6A2-202C-4063-A0F9-333E37875A5E}.Debug|Any CPU.Build.0 = Debug|Any CPU
		{9BB8B6A2-202C-4063-A0F9-333E37875A5E}.Release|Any CPU.ActiveCfg = Release|Any CPU
		{9BB8B6A2-202C-4063-A0F9-333E37875A5E}.Release|Any CPU.Build.0 = Release|Any CPU
		{9E573EBD-A636-4FA6-98B3-579FAEA39085}.Debug|Any CPU.ActiveCfg = Debug|Any CPU
		{9E573EBD-A636-4FA6-98B3-579FAEA39085}.Debug|Any CPU.Build.0 = Debug|Any CPU
		{9E573EBD-A636-4FA6-98B3-579FAEA39085}.Release|Any CPU.ActiveCfg = Release|Any CPU
		{9E573EBD-A636-4FA6-98B3-579FAEA39085}.Release|Any CPU.Build.0 = Release|Any CPU
	EndGlobalSection
	GlobalSection(SolutionProperties) = preSolution
		HideSolutionNode = FALSE
	EndGlobalSection
	GlobalSection(ExtensibilityGlobals) = postSolution
		SolutionGuid = {E91E6708-977F-4668-8572-599B6DC6151E}
	EndGlobalSection
EndGlobal
